{
    "_meta": {
        "hash": {
            "sha256": "7267d3c531cefb88acbbcc7421f5a72f44f305ec5252395e2b0ee048403952ab"
        },
        "pipfile-spec": 6,
        "requires": {
            "python_version": "3.10"
        },
        "sources": [
            {
                "name": "pypi",
                "url": "https://pypi.org/simple",
                "verify_ssl": true
            }
        ]
    },
    "default": {
        "certifi": {
            "hashes": [
                "sha256:0d9c601124e5a6ba9712dbc60d9c53c21e34f5f641fe83002317394311bdce14",
                "sha256:90c1a32f1d68f940488354e36370f6cca89f0f106db09518524c88d6ed83f382"
            ],
            "markers": "python_version >= '3.6'",
            "version": "==2022.9.24"
        },
        "charset-normalizer": {
            "hashes": [
                "sha256:5a3d016c7c547f69d6f81fb0db9449ce888b418b5b9952cc5e6e66843e9dd845",
                "sha256:83e9a75d1911279afd89352c68b45348559d1fc0506b054b346651b5e7fee29f"
            ],
            "markers": "python_full_version >= '3.6.0'",
            "version": "==2.1.1"
        },
        "cramjam": {
            "hashes": [
                "sha256:02a07a3e17fab7f1b1cf81c8fd80416bd06ca0a508cd8e379e280dc591641e14",
                "sha256:02c0d09552137f07c8ea3681c215ce94e8431b7eaa5f293b747a24e9038c5d5c",
                "sha256:076ce14ec4bc99b7de72e2da328b350d8e22d50a9a6880e0538863ef65d6d507",
                "sha256:0a6a1df30ac4da907499bf9f160ee25947609e94f4c2093c6b1cb63698c61d17",
                "sha256:0cfa188b95fb311892504df236f45029c03d8ac68634a6b5bb66487ee2d43f0e",
                "sha256:1797a1367e9f854be2173e07812a096aec67e0e4891ce3c527d1536fb3023344",
                "sha256:1ffdc8d1381b5fee57b33b537e38fa7fd29e8d8f3b544dbab1d71dbfaaec3bef",
                "sha256:201924909735626eee4dcf841e720634ce753c3af30687c20958a0836221f6c2",
                "sha256:2313e5353176b8659f9e157cc8ef64d7f6d80d381ae493abba0b6b213a8cb2ea",
                "sha256:29769fbbb56cbada20ad66d0aa268a8f55dcef99053c5c16780394d5d656815a",
                "sha256:2bd152234396942ca12d755f4dd5ab2e39f478c5900c290e4f9582bcc2290988",
                "sha256:33d4bd5e280f055da306b0c78c72af4e166018bea3b38c50a44b6264188cfe10",
                "sha256:346f4b3c7845ea1c5f0bc4e1c6cfd39153c399e3c03262d4c9e6575edb16c15a",
                "sha256:35da290896b2953e3056441b6b42d3576588dddee28ae6a890b03047929ae34d",
                "sha256:3a798f52a0cf6780f5b5aacc4a2ea06737f12b98762083d88c3e1ac6315260c7",
                "sha256:4750df49a08396fbc06cf1fcf4055daa5e009f5e06e7fb5d70b23266f5bb28cc",
                "sha256:489a16df91d10825ed47f95b985f8e353c8c8b4e078f571fd84e38a8ca95284b",
                "sha256:4b322f268461e66530bfd851ae7e33eb37829284f6326d831b96eed1fbfee554",
                "sha256:514afdeca432f1b870f4c15c51b2538f841ea36500d8b2b63c437e949a48d737",
                "sha256:54c945fe1ab67bcd9ca90626176ec4fb74354c698e83c992641a5c4834dda675",
                "sha256:60db085bff42099c4de9a2a0b10284ab4b1032d356193ada6275d3225dc16b0e",
                "sha256:62c1ecc70be62e9dd5176949f2da6488f1e8981d33fd241a874f2f25f6fed3bf",
                "sha256:63ba3affd35c780cd69382b022fade08b1b14e82f45aa86576e10b5520f21ffe",
                "sha256:6455273781378befa00d096d9a58bcaee2c34f59057149220dd8edd185627b59",
                "sha256:656505c16ece09d54a98b0128d0ce3e75a09ed27aafa9fc36c6881b736f9740b",
                "sha256:664a1ae58d735c92551cfbbc09d9398bb218c7e6833b2392fece71af1dcbeedd",
                "sha256:6a37eab7095c4bd4ae81d5c8c16c8fcf0e5c1c85c732716e2e7d6fdd873fc756",
                "sha256:6b78702dbc1a4b1f4da613c63c7be578d418a561025432e1e0400b0274800917",
                "sha256:6b98fb0ebc565298fab857bc09273c0fb57167a2703c51436f7f423ca62b8009",
                "sha256:70c725e90d7beede63e663a335eb8adf2038a5b1a5f5ae32fcfa25cda164b520",
                "sha256:755cdc43d79de9da949be797ee6f773a85cdec493f0339f48d944ebb7cc9342e",
                "sha256:76db0782d610644be01a6aabad16d51a5989c58a07b27353b7c10ce1fe8cdfd3",
                "sha256:797beb5629e814766b6ebbc73625a6f741739ca302ec1bcb12b47e39e8a1e4d7",
                "sha256:7a6b474523eb23d090812ace971ce28297664913b0d9b753f6648c766af7dc7e",
                "sha256:83041d02a9c3f09a41d5687f0a5dd2e5e591c6f5d7ccceba2d4788adf58dccb7",
                "sha256:9034e7591fd689f17b5de830026a75f9c1788f0c78416a0845ba4c91cf4e896c",
                "sha256:9928cb6703209c9a5474863973d09ab3c5cfbc10c051acec9af917413f64026b",
                "sha256:a15db0c29278517465eee33bb5a4637930673ead242c98c81e613de0486ed00d",
                "sha256:a4b9aa1eefb690a16bab8aaa522d6e4595b86a0e4924f062ec261771061434c5",
                "sha256:a6df618d5f4b4d09ccde28beb5b1e6806ff88efbfa7d67e47226afa84363db51",
                "sha256:a89a48527cf416a7b4fcd97e924fa8784b51ec4c38911c4454663648b4a4914f",
                "sha256:a9add823575629c026625080b92ff44ba7bb6ade7f661252a07e6b300e1a689b",
                "sha256:b6adc0f2f2d1c4fd0f93ecef036a3217b785737ada3bc7ad4233db6ca98eafff",
                "sha256:b772394920b48af69db4b7b3b2e2684524f4b6d73a8e8e595811e2cc9d2fbee5",
                "sha256:c3a55e68ed847b5fd8d151f9998d150d47d689cedbf89c11c0c05db656fd6336",
                "sha256:d1d3d73125fa692974ccf0c0af4a444564e52c45b933527d4c047630b8c4b78f",
                "sha256:d2256470f96c3ab0aba3b45f62708ea8eb98603f3417d9d1d3bd5cb4140fbf56",
                "sha256:d2b621ce7d92a6620fb1737892b7b00a5911d92f80f0d5b454795ba1cd844e51",
                "sha256:ddc0776fc98cbd7967a3c243666363eb88e5d32c2e9640b8f59f4f5cd2934161",
                "sha256:ea42c629046964bcfa9971d0a978fb647d769f726f69ad39a8c6c5dc435616ad",
                "sha256:edc655ec9014d5ebe827d578e03c0ae2839b05fba6dcddf412059e3f7e4a3a68",
                "sha256:f09dbb5cde9d4130677875c68e53568829e00bda3eb85b880190e8c56ba7af73",
                "sha256:f0c83c643b1fe6a79a938e453c139c73a196182d47915897b2cbadf46531a3a5",
                "sha256:f45b2a6776637edd5017c5c1c6a167243a8d2250698e10971ce8da015ed43442",
                "sha256:f8bc899d401055d7e54ce0182eda303c80f22c4a3271a01f44c72d51a07c4fed",
                "sha256:fa5ae1851a9fa93c3d6f1f2051d2a51438479476f2a07dd0f04e47d23ceea708",
                "sha256:fa655603b0cf88e029f4d328d10bb6b78866a388c8bda4e5d17b5b644827d8cf",
                "sha256:fe176dcb03ec241c48b6af4be800f3e99f6b5be52ea2b660511374be709be926"
            ],
            "markers": "python_version >= '3.7'",
            "version": "==2.6.2"
        },
        "fastparquet": {
            "hashes": [
                "sha256:06ff670f6a3f38a8235b7aab881a3c7e6f8cea7bcc8027aea19e6b6d7c3f7606",
                "sha256:0f9859eb90f7c1175406d59cbc7fe663ffbc8fb80673147c2e4a15a662c02e47",
                "sha256:147eab12e0f7ebf4fb8ca0c918503a235f14df9fafff500f90e440f61b6fa9f4",
                "sha256:17412a8827cfd99676b578496afbcf9e8493a712f7aa4745ab42f79274471464",
                "sha256:19b0156d685c7b43b47acc1eea3a8f45e79ee9adefb34082d700478948a86067",
                "sha256:1ec2bb3a2fe08d198b60946c546fcecedbb6a7a2ef7a7bc181950ef1481c3a16",
                "sha256:1f4cd5dd8f71d1e3b066d956ca98f661dcab48c619ae07d7bae640b5aced14fe",
                "sha256:2f9e1bdc8ee867636bc8951f7186e20776da3628cafcf9fb75121c90feb4c5c5",
                "sha256:454e8ec51f36ffae6e3d7814197c44db6e88ce281d2efba22ed516958a422c7e",
                "sha256:462515fc80a2b2f82a7fca50ae2c5b7f4681603029aa253fc2515ed8f5056392",
                "sha256:49264ce3243dc7e61e379eeb7bfd82167be034e4b913748e45d96d4e27f5cb6e",
                "sha256:524d23b2cdf1ab6899059e6db475d71b8c0b5c5602cae87276d7b80fa7a49145",
                "sha256:6cac2266b8255145e16ae236bac7bde3b20c702641f1f883945d3425b55070f9",
                "sha256:7475ed2ee51362ec25214919dbd6f04c387e88b7ad376c5b94470c9d53b20831",
                "sha256:77de53bece91da87f91b763092b8cba326bcb78aee23f437700733d294ea784d",
                "sha256:7acd59b711ea4b49144cb66d819a5fde075dff0e4d1a14f7aae6e168624979fc",
                "sha256:7b4c7430bd648d91d5854445c840ff9bfd02931939122eddd063cc4a5ee3588b",
                "sha256:9c9cbecc9b0333055fa4480568b994263d63f3e0b37cbd2ff11b8f3624e34d26",
                "sha256:a50e2e1e6240487bb1b6d1b98df43245a984b4ebd46f64e1b89fe723627049b8",
                "sha256:b41378b4c5d8a98b4255b08d9e37f6da0e7a932f42ecfb355858e7df628d0864",
                "sha256:b7e0d225992722cd7364b0f6e1ad791e2ce8371847c17ba5a42f531e7b646ef6",
                "sha256:be5beaffe4db11e6b09d413c97b0799b7ad6be71ca86ec32c7648f3f72033adf",
                "sha256:cccba055f227def3052e3a914be02ca8cd8236867abf6ad5a93689348881caa0",
                "sha256:d0d724c56676ba8d1dee4a09a4bac09e7f4ae5a466c5e4b48375980e7dfa1257",
                "sha256:dac03723fd147805f703dd269831d97554dc9f712f99ece48cd22919d320e9d9",
                "sha256:e126a5dfe304689af9c69708f908a9c5312cb55edf64198b3f7dd9110037fd6f"
            ],
            "index": "pypi",
            "version": "==0.8.3"
        },
        "fsspec": {
            "hashes": [
                "sha256:259d5fd5c8e756ff2ea72f42e7613c32667dc2049a4ac3d84364a7ca034acb8b",
                "sha256:d6e462003e3dcdcb8c7aa84c73a228f8227e72453cd22570e2363e8844edfe7b"
            ],
            "markers": "python_version >= '3.7'",
            "version": "==2022.11.0"
        },
        "idna": {
            "hashes": [
                "sha256:814f528e8dead7d329833b91c5faa87d60bf71824cd12a7530b5526063d02cb4",
                "sha256:90b77e79eaa3eba6de819a0c442c0b4ceefc341a7a2ab77d7562bf49f425c5c2"
            ],
            "markers": "python_version >= '3.5'",
            "version": "==3.4"
        },
        "nba-api": {
            "hashes": [
                "sha256:b5b67e6f1cb588db9b69c6ce9881f309f40a237091f52ed5140724bc5badf3c0",
                "sha256:f4a4fe5e2f5a16be3487960a0b20441add1ff827c17f7d326ccc22cfecca070d"
            ],
            "index": "pypi",
            "version": "==1.1.14"
        },
        "numpy": {
            "hashes": [
                "sha256:0fe563fc8ed9dc4474cbf70742673fc4391d70f4363f917599a7fa99f042d5a8",
                "sha256:12ac457b63ec8ded85d85c1e17d85efd3c2b0967ca39560b307a35a6703a4735",
                "sha256:2341f4ab6dba0834b685cce16dad5f9b6606ea8a00e6da154f5dbded70fdc4dd",
                "sha256:296d17aed51161dbad3c67ed6d164e51fcd18dbcd5dd4f9d0a9c6055dce30810",
                "sha256:488a66cb667359534bc70028d653ba1cf307bae88eab5929cd707c761ff037db",
                "sha256:4d52914c88b4930dafb6c48ba5115a96cbab40f45740239d9f4159c4ba779962",
                "sha256:5e13030f8793e9ee42f9c7d5777465a560eb78fa7e11b1c053427f2ccab90c79",
                "sha256:61be02e3bf810b60ab74e81d6d0d36246dbfb644a462458bb53b595791251911",
                "sha256:7607b598217745cc40f751da38ffd03512d33ec06f3523fb0b5f82e09f6f676d",
                "sha256:7a70a7d3ce4c0e9284e92285cba91a4a3f5214d87ee0e95928f3614a256a1488",
                "sha256:7ab46e4e7ec63c8a5e6dbf5c1b9e1c92ba23a7ebecc86c336cb7bf3bd2fb10e5",
                "sha256:8981d9b5619569899666170c7c9748920f4a5005bf79c72c07d08c8a035757b0",
                "sha256:8c053d7557a8f022ec823196d242464b6955a7e7e5015b719e76003f63f82d0f",
                "sha256:926db372bc4ac1edf81cfb6c59e2a881606b409ddc0d0920b988174b2e2a767f",
                "sha256:95d79ada05005f6f4f337d3bb9de8a7774f259341c70bc88047a1f7b96a4bcb2",
                "sha256:95de7dc7dc47a312f6feddd3da2500826defdccbc41608d0031276a24181a2c0",
                "sha256:a0882323e0ca4245eb0a3d0a74f88ce581cc33aedcfa396e415e5bba7bf05f68",
                "sha256:a8365b942f9c1a7d0f0dc974747d99dd0a0cdfc5949a33119caf05cb314682d3",
                "sha256:a8aae2fb3180940011b4862b2dd3756616841c53db9734b27bb93813cd79fce6",
                "sha256:c237129f0e732885c9a6076a537e974160482eab8f10db6292e92154d4c67d71",
                "sha256:c67b833dbccefe97cdd3f52798d430b9d3430396af7cdb2a0c32954c3ef73894",
                "sha256:ce03305dd694c4873b9429274fd41fc7eb4e0e4dea07e0af97a933b079a5814f",
                "sha256:d331afac87c92373826af83d2b2b435f57b17a5c74e6268b79355b970626e329",
                "sha256:dada341ebb79619fe00a291185bba370c9803b1e1d7051610e01ed809ef3a4ba",
                "sha256:ed2cc92af0efad20198638c69bb0fc2870a58dabfba6eb722c933b48556c686c",
                "sha256:f260da502d7441a45695199b4e7fd8ca87db659ba1c78f2bbf31f934fe76ae0e",
                "sha256:f2f390aa4da44454db40a1f0201401f9036e8d578a25f01a6e237cea238337ef",
                "sha256:f76025acc8e2114bb664294a07ede0727aa75d63a06d2fae96bf29a81747e4a7"
            ],
            "markers": "python_version >= '3.8'",
            "version": "==1.23.4"
        },
        "packaging": {
            "hashes": [
                "sha256:dd47c42927d89ab911e606518907cc2d3a1f38bbd026385970643f9c5b8ecfeb",
                "sha256:ef103e05f519cdc783ae24ea4e2e0f508a9c99b2d4969652eed6a2e1ea5bd522"
            ],
            "markers": "python_version >= '3.6'",
            "version": "==21.3"
        },
        "pandas": {
            "hashes": [
                "sha256:04e51b01d5192499390c0015630975f57836cc95c7411415b499b599b05c0c96",
                "sha256:05c527c64ee02a47a24031c880ee0ded05af0623163494173204c5b72ddce658",
                "sha256:0a78e05ec09731c5b3bd7a9805927ea631fe6f6cb06f0e7c63191a9a778d52b4",
                "sha256:17da7035d9e6f9ea9cdc3a513161f8739b8f8489d31dc932bc5a29a27243f93d",
                "sha256:249cec5f2a5b22096440bd85c33106b6102e0672204abd2d5c014106459804ee",
                "sha256:2c25e5c16ee5c0feb6cf9d982b869eec94a22ddfda9aa2fbed00842cbb697624",
                "sha256:32e3d9f65606b3f6e76555bfd1d0b68d94aff0929d82010b791b6254bf5a4b96",
                "sha256:36aa1f8f680d7584e9b572c3203b20d22d697c31b71189322f16811d4ecfecd3",
                "sha256:5b0c970e2215572197b42f1cff58a908d734503ea54b326412c70d4692256391",
                "sha256:5cee0c74e93ed4f9d39007e439debcaadc519d7ea5c0afc3d590a3a7b2edf060",
                "sha256:669c8605dba6c798c1863157aefde959c1796671ffb342b80fcb80a4c0bc4c26",
                "sha256:66a1ad667b56e679e06ba73bb88c7309b3f48a4c279bd3afea29f65a766e9036",
                "sha256:683779e5728ac9138406c59a11e09cd98c7d2c12f0a5fc2b9c5eecdbb4a00075",
                "sha256:6bb391659a747cf4f181a227c3e64b6d197100d53da98dcd766cc158bdd9ec68",
                "sha256:81f0674fa50b38b6793cd84fae5d67f58f74c2d974d2cb4e476d26eee33343d0",
                "sha256:927e59c694e039c75d7023465d311277a1fc29ed7236b5746e9dddf180393113",
                "sha256:932d2d7d3cab44cfa275601c982f30c2d874722ef6396bb539e41e4dc4618ed4",
                "sha256:a52419d9ba5906db516109660b114faf791136c94c1a636ed6b29cbfff9187ee",
                "sha256:b156a971bc451c68c9e1f97567c94fd44155f073e3bceb1b0d195fd98ed12048",
                "sha256:bcf1a82b770b8f8c1e495b19a20d8296f875a796c4fe6e91da5ef107f18c5ecb",
                "sha256:cb2a9cf1150302d69bb99861c5cddc9c25aceacb0a4ef5299785d0f5389a3209",
                "sha256:d8c709f4700573deb2036d240d140934df7e852520f4a584b2a8d5443b71f54d",
                "sha256:db45b94885000981522fb92349e6b76f5aee0924cc5315881239c7859883117d",
                "sha256:ddf46b940ef815af4e542697eaf071f0531449407a7607dd731bf23d156e20a7",
                "sha256:e675f8fe9aa6c418dc8d3aac0087b5294c1a4527f1eacf9fe5ea671685285454",
                "sha256:eb7e8cf2cf11a2580088009b43de84cabbf6f5dae94ceb489f28dba01a17cb77",
                "sha256:f340331a3f411910adfb4bbe46c2ed5872d9e473a783d7f14ecf49bc0869c594"
            ],
            "index": "pypi",
            "version": "==1.5.1"
        },
        "pyarrow": {
            "hashes": [
                "sha256:10e031794d019425d34406edffe7e32157359e9455f9edb97a1732f8dabf802f",
                "sha256:25f51dca780fc22cfd7ac30f6bdfe70eb99145aee9acfda987f2c49955d66ed9",
                "sha256:2d326a9d47ac237d81b8c4337e9d30a0b361835b536fc7ea53991455ce761fbd",
                "sha256:3d2694f08c8d4482d14e3798ff036dbd81ae6b1c47948f52515e1aa90fbec3f0",
                "sha256:4051664d354b14939b5da35cfa77821ade594bc1cf56dd2032b3068c96697d74",
                "sha256:511735040b83f2993f78d7fb615e7b88253d75f41500e87e587c40156ff88120",
                "sha256:65d4a312f3ced318423704355acaccc7f7bdfe242472e59bdd54aa0f8837adf8",
                "sha256:68ccb82c04c0f7abf7a95541d5e9d9d94290fc66a2d36d3f6ea0777f40c15654",
                "sha256:69b8a1fd99201178799b02f18498633847109b701856ec762f314352a431b7d0",
                "sha256:758284e1ebd3f2a9abb30544bfec28d151a398bb7c0f2578cbca5ee5b000364a",
                "sha256:7be7f42f713068293308c989a4a3a2de03b70199bdbe753901c6595ff8640c64",
                "sha256:7ce026274cd5d9934cd3694e89edecde4e036018bbc6cb735fd33b9e967e7d47",
                "sha256:7e6b837cc44cd62a0e280c8fc4de94ebce503d6d1190e6e94157ab49a8bea67b",
                "sha256:b153b05765393557716e3729cf988442b3ae4f5567364ded40d58c07feed27c2",
                "sha256:b3e3148468d3eed3779d68241f1d13ed4ee7cca4c6dbc7c07e5062b93ad4da33",
                "sha256:b45f969ed924282e9d4ede38f3430630d809c36dbff65452cabce03141943d28",
                "sha256:b9f63ceb8346aac0bcb487fafe9faca642ad448ca649fcf66a027c6e120cbc12",
                "sha256:c79300e1a3e23f2bf4defcf0d70ff5ea25ef6ebf6f121d8670ee14bb662bb7ca",
                "sha256:d45a59e2f47826544c0ca70bc0f7ed8ffa5ad23f93b0458230c7e983bcad1acf",
                "sha256:e4c6da9f9e1ff96781ee1478f7cc0860e66c23584887b8e297c4b9905c3c9066",
                "sha256:f329951d56b3b943c353f7b27c894e02367a7efbb9fef7979c6b24e02dbfcf55",
                "sha256:f76157d9579571c865860e5fd004537c03e21139db76692d96fd8a186adab1f2"
            ],
            "index": "pypi",
            "version": "==10.0.0"
        },
        "pyparsing": {
            "hashes": [
                "sha256:2b020ecf7d21b687f219b71ecad3631f644a47f01403fa1d1036b0c6416d70fb",
                "sha256:5026bae9a10eeaefb61dab2f09052b9f4307d44aee4eda64b309723d8d206bbc"
            ],
            "markers": "python_full_version >= '3.6.8'",
            "version": "==3.0.9"
        },
        "python-dateutil": {
            "hashes": [
                "sha256:0123cacc1627ae19ddf3c27a5de5bd67ee4586fbdd6440d9748f8abb483d3e86",
                "sha256:961d03dc3453ebbc59dbdea9e4e11c5651520a876d0f4db161e8674aae935da9"
            ],
            "markers": "python_version >= '2.7' and python_version not in '3.0, 3.1, 3.2, 3.3'",
            "version": "==2.8.2"
        },
        "pytz": {
            "hashes": [
                "sha256:222439474e9c98fced559f1709d89e6c9cbf8d79c794ff3eb9f8800064291427",
                "sha256:e89512406b793ca39f5971bc999cc538ce125c0e51c27941bef4568b460095e2"
            ],
            "version": "==2022.6"
        },
        "requests": {
            "hashes": [
                "sha256:7c5599b102feddaa661c826c56ab4fee28bfd17f5abca1ebbe3e7f19d7c97983",
                "sha256:8fefa2a1a1365bf5520aac41836fbee479da67864514bdb821f31ce07ce65349"
            ],
            "markers": "python_version >= '3.7' and python_version < '4'",
            "version": "==2.28.1"
        },
        "six": {
            "hashes": [
                "sha256:1e61c37477a1626458e36f7b1d82aa5c9b094fa4802892072e49de9c60c4c926",
                "sha256:8abb2f1d86890a2dfb989f9a77cfcfd3e47c2a354b01111771326f8aa26e0254"
            ],
            "markers": "python_version >= '2.7' and python_version not in '3.0, 3.1, 3.2, 3.3'",
            "version": "==1.16.0"
        },
        "urllib3": {
            "hashes": [
                "sha256:3fa96cf423e6987997fc326ae8df396db2a8b7c667747d47ddd8ecba91f4a74e",
                "sha256:b930dd878d5a8afb066a637fbb35144fe7901e3b209d1cd4f524bd0e9deee997"
            ],
            "markers": "python_version >= '2.7' and python_version not in '3.0, 3.1, 3.2, 3.3, 3.4, 3.5' and python_version < '4'",
            "version": "==1.26.12"
        }
    },
    "develop": {}
}
